<Solution>
  <Folder Name="/src/">
    <Project Path="src/ServiceRequest.API/ServiceRequest.API.csproj" />
    <Project Path="src/ServiceRequest.Application/ServiceRequest.Application.csproj" />
    <Project Path="src/ServiceRequest.Domain/ServiceRequest.Domain.csproj" />
    <Project Path="src/ServiceRequest.Infrastructure/ServiceRequest.Infrastructure.csproj" />
    <Project Path="src/ServiceRequest.Service/ServiceRequest.Service.csproj" />
  </Folder>
</Solution>
