<Solution>
  <Project Path="Tickets.API/Tickets.API.csproj" />
  <Project Path="Tickets.Application/Tickets.Application.csproj" />
  <Project Path="Tickets.Client/Tickets.Client.csproj" />
  <Project Path="Tickets.Domain/Tickets.Domain.csproj" />
  <Project Path="Tickets.Infrastructure/Tickets.Infrastructure.csproj" />
  <Project Path="Tickets.Service/Tickets.Service.csproj" />
</Solution>
